<?xml version="1.0" encoding="utf-8"?>
<Project ToolsVersion="17.0" xmlns="http://schemas.microsoft.com/developer/msbuild/2003">
  <ItemGroup>
    <ClCompile Include="E:\Users\srkv0\source\repos\mlgos\bindings.cpp">
      <Filter>Source Files</Filter>
    </ClCompile>
  </ItemGroup>
  <ItemGroup>
    <CustomBuild Include="E:\Users\srkv0\source\repos\mlgos\CMakeLists.txt" />
  </ItemGroup>
  <ItemGroup>
    <Filter Include="Source Files">
      <UniqueIdentifier>{34DAAD4E-E513-312B-88CB-DB8565E7402B}</UniqueIdentifier>
    </Filter>
  </ItemGroup>
</Project>
