apiVersion: conduit.warrical.com/next
kind: ManifestLock
manifestHash: sha256:d7c58f321ec5950ca7b5afdae4419de1da3d0426e6bf27808a665f7793b782c4
artifacts:
- name: keycloak-image-26.2.5
  type: oci
  action: copy_local
  origin: oci://quay.io/keycloak/keycloak:26.2.5
  target: keycloak-image-26.2.5.tar
  checksum: sha256:df8a2a25b1d12325a193a3a52f75a705faa55c76027601a8f04fc86e8ba3b8e5
  size: 246009620
- name: postgres-image-17
  type: oci
  action: copy_local
  origin: oci://docker.io/library/postgres:17
  target: postgres-image-17.tar
  checksum: sha256:fbd9a209d4e84eaabbd6659520fef4f00b69474cbef0cd2166666a5459a44478
  size: 156308059
