apiVersion: conduit.warrical.com/next
kind: ManifestLock
manifestHash: sha256:fd4b75b2a8854dd0238d4ecdf95b0c43b1479d7ef6066ad85941650955d357bb
artifacts:
- name: hello-world
  type: oci
  action: copy_local
  origin: oci://docker.io/library/hello-world:latest
  target: /images/hello-world.tar
  checksum: sha256:74cc54e27dc41bb10dc4b2226072d469509f2f22f1a3ce74f4a59661a1d44602
  size: 2983
