apiVersion: conduit.warrical.com/next
kind: ManifestLock
manifestHash: sha256:12793688bab7986ccb7f21fe3d7c80ce6014962352f43db72aa89cfa7d9476e2
sha256:
artifacts:
- name: test-file
  type: file
  action: copy_local
  origin: test_source.txt
  target: output/test_target.txt
  checksum: sha256:12793688bab7986ccb7f21fe3d7c80ce6014962352f43db72aa89cfa7d9476e2
  size: 131
