apiVersion: conduit.warrical.com/next
kind: ManifestLock
manifestHash: sha256:1a582d22cfc9a95d52c353a5af073936c5faf37cbd06361e258eb8e907e347ad
artifacts:
- name: readme
  type: file
  action: copy_local
  origin: ../../README.md
  target: /app/README.md
  checksum: sha256:6f0ec101706625733bd5fa1d83de263fa97ee45f33a96eab9f663ae318ec2c40
  size: 6528
- name: pyproject
  type: file
  action: copy_local
  origin: ../../pyproject.toml
  target: /app/pyproject.toml
  checksum: sha256:aa2d408e03aa7e9b7d7f25eed656de911d750406092697a6e4876a30d9a8701b
  size: 1034
