apiVersion: conduit.warrical.com/next
kind: ManifestLock
manifestHash: sha256:9b3f4edfdfaf311639f515d7627103425c06e262eb16c38ba91363b351e07044
artifacts:
- name: config-file
  type: file
  action: copy_local
  origin: tests/testfiles/test_source.txt
  target: output/my-project-v1.0.0-dev.yaml
  checksum: sha256:12793688bab7986ccb7f21fe3d7c80ce6014962352f43db72aa89cfa7d9476e2
  size: 85
