apiVersion: conduit.warrical.com/next
artifacts:
- action: copy_local
  checksum: sha256:8fdaa23a5e67c8111871156241dfd3e5ca356acc21979bc45392986eb1a76826
  name: install-script
  origin: ../../../files/soc-siem-core/install_siem_core.sh
  size: 2669
  target: /opt/soc-siem-core-v1.2.3/scripts/install.sh
  type: file
- action: copy_local
  checksum: sha256:46b62db890b84cf22224838db9d38182941657f7f90a6744e8885f7ab22f900b
  name: elasticsearch-archive
  origin: https://artifacts.elastic.co/downloads/elasticsearch/elasticsearch-8.13.4-linux-x86_64.tar.gz
  size: 575698037
  target: /opt/soc-siem-core-v1.2.3/downloads/elasticsearch-8.13.4.tar.gz
  type: http
- action: copy_local
  checksum: sha256:d3f4334d9eb6f9d60ce68dff783630af9d0bbf7f1fdb445fb40f58a01cbc4a4d
  name: kibana-archive
  origin: https://artifacts.elastic.co/downloads/kibana/kibana-8.13.4-linux-x86_64.tar.gz
  size: 318100877
  target: /opt/soc-siem-core-v1.2.3/downloads/kibana-8.13.4.tar.gz
  type: http
- action: copy_local
  checksum: sha256:64d14ab3aa53f9dc505aeeace1752ba8dde3f9a4787b093ad381ef4b5d68f95c
  name: keycloak-image-26.2.5
  origin: oci://quay.io/keycloak/keycloak:26.2.5
  size: 246016000
  target: keycloak-image-26.2.5.tar
  type: oci
- action: copy_local
  checksum: sha256:f15d3e5d92db150602cda1d55c38833e374bc6aaabd89f6c8665e834b0689947
  name: postgres-image-17
  origin: oci://docker.io/library/postgres:17
  size: 156323840
  target: postgres-image-17.tar
  type: oci
entrypoint:
  checksum: sha256:8fdaa23a5e67c8111871156241dfd3e5ca356acc21979bc45392986eb1a76826
  gid: ''
  mode: '0755'
  script: files/soc-siem-core/install_siem_core.sh
  size: 2669
  uid: ''
kind: LockFile
manifestHash: sha256:7142d9a1fe58809f1bd19e46c2fa34d4c93c723815160f3437ff0ad7e1e5f055
name: soc-siem-core
version: 1.0.0
