# This file is @generated by PDM.
# It is not intended for manual editing.

[metadata]
groups = ["default", "build", "testing"]
strategy = ["inherit_metadata"]
lock_version = "4.5.0"
content_hash = "sha256:b693b25562119f90023b250de421a5396eb3a643980beff5bd4fdc24436e762a"

[[metadata.targets]]
requires_python = ">=3.12.5"
platform = "manylinux_2_17_x86_64"

[[metadata.targets]]
requires_python = ">=3.12.5"
platform = "windows_amd64"

[[package]]
name = "aiohappyeyeballs"
version = "2.4.0"
requires_python = ">=3.8"
summary = "Happy Eyeballs for asyncio"
groups = ["default"]
marker = "python_full_version >= \"3.12.5\""
files = [
    {file = "aiohappyeyeballs-2.4.0-py3-none-any.whl", hash = "sha256:7ce92076e249169a13c2f49320d1967425eaf1f407522d707d59cac7628d62bd"},
    {file = "aiohappyeyeballs-2.4.0.tar.gz", hash = "sha256:55a1714f084e63d49639800f95716da97a1f173d46a16dfcfda0016abb93b6b2"},
]

[[package]]
name = "aiohttp"
version = "3.11.7"
requires_python = ">=3.9"
summary = "Async http client/server framework (asyncio)"
groups = ["default"]
marker = "python_full_version >= \"3.12.5\""
dependencies = [
    "aiohappyeyeballs>=2.3.0",
    "aiosignal>=1.1.2",
    "async-timeout<6.0,>=4.0; python_version < \"3.11\"",
    "attrs>=17.3.0",
    "frozenlist>=1.1.1",
    "multidict<7.0,>=4.5",
    "propcache>=0.2.0",
    "yarl<2.0,>=1.17.0",
]
files = [
    {file = "aiohttp-3.11.7-cp312-cp312-manylinux_2_17_x86_64.manylinux2014_x86_64.whl", hash = "sha256:9ee6a4cdcbf54b8083dc9723cdf5f41f722c00db40ccf9ec2616e27869151129"},
    {file = "aiohttp-3.11.7-cp312-cp312-win_amd64.whl", hash = "sha256:018f1b04883a12e77e7fc161934c0f298865d3a484aea536a6a2ca8d909f0ba0"},
    {file = "aiohttp-3.11.7-cp313-cp313-manylinux_2_17_x86_64.manylinux2014_x86_64.whl", hash = "sha256:4c1a6309005acc4b2bcc577ba3b9169fea52638709ffacbd071f3503264620da"},
    {file = "aiohttp-3.11.7-cp313-cp313-win_amd64.whl", hash = "sha256:fc6da202068e0a268e298d7cd09b6e9f3997736cd9b060e2750963754552a0a9"},
    {file = "aiohttp-3.11.7.tar.gz", hash = "sha256:01a8aca4af3da85cea5c90141d23f4b0eee3cbecfd33b029a45a80f28c66c668"},
]

[[package]]
name = "aiosignal"
version = "1.3.1"
requires_python = ">=3.7"
summary = "aiosignal: a list of registered asynchronous callbacks"
groups = ["default"]
marker = "python_full_version >= \"3.12.5\""
dependencies = [
    "frozenlist>=1.1.0",
]
files = [
    {file = "aiosignal-1.3.1-py3-none-any.whl", hash = "sha256:f8376fb07dd1e86a584e4fcdec80b36b7f81aac666ebc724e2c090300dd83b17"},
    {file = "aiosignal-1.3.1.tar.gz", hash = "sha256:54cd96e15e1649b75d6c87526a6ff0b6c1b0dd3459f43d9ca11d48c339b68cfc"},
]

[[package]]
name = "astroid"
version = "3.3.5"
requires_python = ">=3.9.0"
summary = "An abstract syntax tree for Python with inference support."
groups = ["default"]
marker = "python_full_version >= \"3.12.5\""
dependencies = [
    "typing-extensions>=4.0.0; python_version < \"3.11\"",
]
files = [
    {file = "astroid-3.3.5-py3-none-any.whl", hash = "sha256:a9d1c946ada25098d790e079ba2a1b112157278f3fb7e718ae6a9252f5835dc8"},
    {file = "astroid-3.3.5.tar.gz", hash = "sha256:5cfc40ae9f68311075d27ef68a4841bdc5cc7f6cf86671b49f00607d30188e2d"},
]

[[package]]
name = "attrs"
version = "24.2.0"
requires_python = ">=3.7"
summary = "Classes Without Boilerplate"
groups = ["default"]
marker = "python_full_version >= \"3.12.5\""
dependencies = [
    "importlib-metadata; python_version < \"3.8\"",
]
files = [
    {file = "attrs-24.2.0-py3-none-any.whl", hash = "sha256:81921eb96de3191c8258c199618104dd27ac608d9366f5e35d011eae1867ede2"},
    {file = "attrs-24.2.0.tar.gz", hash = "sha256:5cfb1b9148b5b086569baec03f20d7b6bf3bcacc9a42bebf87ffaaca362f6346"},
]

[[package]]
name = "build"
version = "1.2.2.post1"
requires_python = ">=3.8"
summary = "A simple, correct Python build frontend"
groups = ["build"]
marker = "python_full_version >= \"3.12.5\""
dependencies = [
    "colorama; os_name == \"nt\"",
    "importlib-metadata>=4.6; python_full_version < \"3.10.2\"",
    "packaging>=19.1",
    "pyproject-hooks",
    "tomli>=1.1.0; python_version < \"3.11\"",
]
files = [
    {file = "build-1.2.2.post1-py3-none-any.whl", hash = "sha256:1d61c0887fa860c01971625baae8bdd338e517b836a2f70dd1f7aa3a6b2fc5b5"},
    {file = "build-1.2.2.post1.tar.gz", hash = "sha256:b36993e92ca9375a219c99e606a122ff365a760a2d4bba0caa09bd5278b608b7"},
]

[[package]]
name = "certifi"
version = "2024.8.30"
requires_python = ">=3.6"
summary = "Python package for providing Mozilla's CA Bundle."
groups = ["default"]
marker = "python_full_version >= \"3.12.5\""
files = [
    {file = "certifi-2024.8.30-py3-none-any.whl", hash = "sha256:922820b53db7a7257ffbda3f597266d435245903d80737e34f8a45ff3e3230d8"},
    {file = "certifi-2024.8.30.tar.gz", hash = "sha256:bec941d2aa8195e248a60b31ff9f0558284cf01a52591ceda73ea9afffd69fd9"},
]

[[package]]
name = "cffi"
version = "1.17.1"
requires_python = ">=3.8"
summary = "Foreign Function Interface for Python calling C code."
groups = ["default"]
marker = "platform_python_implementation != \"PyPy\" and python_full_version >= \"3.12.5\""
dependencies = [
    "pycparser",
]
files = [
    {file = "cffi-1.17.1-cp312-cp312-manylinux_2_17_x86_64.manylinux2014_x86_64.whl", hash = "sha256:b62ce867176a75d03a665bad002af8e6d54644fad99a3c70905c543130e39d93"},
    {file = "cffi-1.17.1-cp312-cp312-win_amd64.whl", hash = "sha256:51392eae71afec0d0c8fb1a53b204dbb3bcabcb3c9b807eedf3e1e6ccf2de903"},
    {file = "cffi-1.17.1-cp313-cp313-manylinux_2_17_x86_64.manylinux2014_x86_64.whl", hash = "sha256:dd398dbc6773384a17fe0d3e7eeb8d1a21c2200473ee6806bb5e6a8e62bb73dd"},
    {file = "cffi-1.17.1-cp313-cp313-win_amd64.whl", hash = "sha256:f6a16c31041f09ead72d69f583767292f750d24913dadacf5756b966aacb3f1a"},
    {file = "cffi-1.17.1.tar.gz", hash = "sha256:1c39c6016c32bc48dd54561950ebd6836e1670f2ae46128f67cf49e789c52824"},
]

[[package]]
name = "cfgv"
version = "3.4.0"
requires_python = ">=3.8"
summary = "Validate configuration and produce human readable error messages."
groups = ["default"]
marker = "python_full_version >= \"3.12.5\""
files = [
    {file = "cfgv-3.4.0-py2.py3-none-any.whl", hash = "sha256:b7265b1f29fd3316bfcd2b330d63d024f2bfd8bcb8b0272f8e19a504856c48f9"},
    {file = "cfgv-3.4.0.tar.gz", hash = "sha256:e52591d4c5f5dead8e0f673fb16db7949d2cfb3f7da4582893288f0ded8fe560"},
]

[[package]]
name = "charset-normalizer"
version = "3.3.2"
requires_python = ">=3.7.0"
summary = "The Real First Universal Charset Detector. Open, modern and actively maintained alternative to Chardet."
groups = ["default"]
marker = "python_full_version >= \"3.12.5\""
files = [
    {file = "charset-normalizer-3.3.2.tar.gz", hash = "sha256:f30c3cb33b24454a82faecaf01b19c18562b1e89558fb6c56de4d9118a032fd5"},
    {file = "charset_normalizer-3.3.2-cp312-cp312-manylinux_2_17_x86_64.manylinux2014_x86_64.whl", hash = "sha256:90d558489962fd4918143277a773316e56c72da56ec7aa3dc3dbbe20fdfed15b"},
    {file = "charset_normalizer-3.3.2-cp312-cp312-win_amd64.whl", hash = "sha256:96b02a3dc4381e5494fad39be677abcb5e6634bf7b4fa83a6dd3112607547001"},
    {file = "charset_normalizer-3.3.2-py3-none-any.whl", hash = "sha256:3e4d1f6587322d2788836a99c69062fbb091331ec940e02d12d179c1d53e25fc"},
]

[[package]]
name = "colorama"
version = "0.4.6"
requires_python = "!=3.0.*,!=3.1.*,!=3.2.*,!=3.3.*,!=3.4.*,!=3.5.*,!=3.6.*,>=2.7"
summary = "Cross-platform colored terminal text."
groups = ["build", "testing"]
marker = "sys_platform == \"win32\" and python_full_version >= \"3.12.5\" or os_name == \"nt\" and python_full_version >= \"3.12.5\""
files = [
    {file = "colorama-0.4.6-py2.py3-none-any.whl", hash = "sha256:4f1d9991f5acc0ca119f9d443620b77f9d6b33703e51011c16baf57afb285fc6"},
    {file = "colorama-0.4.6.tar.gz", hash = "sha256:08695f5cb7ed6e0531a20572697297273c47b8cae5a63ffc6d6ed5c201be6e44"},
]

[[package]]
name = "coverage"
version = "7.6.1"
requires_python = ">=3.8"
summary = "Code coverage measurement for Python"
groups = ["testing"]
marker = "python_full_version >= \"3.12.5\""
files = [
    {file = "coverage-7.6.1-cp312-cp312-manylinux_2_5_x86_64.manylinux1_x86_64.manylinux_2_17_x86_64.manylinux2014_x86_64.whl", hash = "sha256:c44fee9975f04b33331cb8eb272827111efc8930cfd582e0320613263ca849ca"},
    {file = "coverage-7.6.1-cp312-cp312-win_amd64.whl", hash = "sha256:b5d7b556859dd85f3a541db6a4e0167b86e7273e1cdc973e5b175166bb634fdb"},
    {file = "coverage-7.6.1-cp313-cp313-manylinux_2_5_x86_64.manylinux1_x86_64.manylinux_2_17_x86_64.manylinux2014_x86_64.whl", hash = "sha256:78b260de9790fd81e69401c2dc8b17da47c8038176a79092a89cb2b7d945d060"},
    {file = "coverage-7.6.1-cp313-cp313-win_amd64.whl", hash = "sha256:8284cf8c0dd272a247bc154eb6c95548722dce90d098c17a883ed36e67cdb129"},
    {file = "coverage-7.6.1-cp313-cp313t-manylinux_2_5_x86_64.manylinux1_x86_64.manylinux_2_17_x86_64.manylinux2014_x86_64.whl", hash = "sha256:13b0a73a0896988f053e4fbb7de6d93388e6dd292b0d87ee51d106f2c11b465b"},
    {file = "coverage-7.6.1-cp313-cp313t-win_amd64.whl", hash = "sha256:b9f222de8cded79c49bf184bdbc06630d4c58eec9459b939b4a690c82ed05657"},
    {file = "coverage-7.6.1.tar.gz", hash = "sha256:953510dfb7b12ab69d20135a0662397f077c59b1e6379a768e97c59d852ee51d"},
]

[[package]]
name = "coverage"
version = "7.6.1"
extras = ["toml"]
requires_python = ">=3.8"
summary = "Code coverage measurement for Python"
groups = ["testing"]
marker = "python_full_version >= \"3.12.5\""
dependencies = [
    "coverage==7.6.1",
    "tomli; python_full_version <= \"3.11.0a6\"",
]
files = [
    {file = "coverage-7.6.1-cp312-cp312-manylinux_2_5_x86_64.manylinux1_x86_64.manylinux_2_17_x86_64.manylinux2014_x86_64.whl", hash = "sha256:c44fee9975f04b33331cb8eb272827111efc8930cfd582e0320613263ca849ca"},
    {file = "coverage-7.6.1-cp312-cp312-win_amd64.whl", hash = "sha256:b5d7b556859dd85f3a541db6a4e0167b86e7273e1cdc973e5b175166bb634fdb"},
    {file = "coverage-7.6.1-cp313-cp313-manylinux_2_5_x86_64.manylinux1_x86_64.manylinux_2_17_x86_64.manylinux2014_x86_64.whl", hash = "sha256:78b260de9790fd81e69401c2dc8b17da47c8038176a79092a89cb2b7d945d060"},
    {file = "coverage-7.6.1-cp313-cp313-win_amd64.whl", hash = "sha256:8284cf8c0dd272a247bc154eb6c95548722dce90d098c17a883ed36e67cdb129"},
    {file = "coverage-7.6.1-cp313-cp313t-manylinux_2_5_x86_64.manylinux1_x86_64.manylinux_2_17_x86_64.manylinux2014_x86_64.whl", hash = "sha256:13b0a73a0896988f053e4fbb7de6d93388e6dd292b0d87ee51d106f2c11b465b"},
    {file = "coverage-7.6.1-cp313-cp313t-win_amd64.whl", hash = "sha256:b9f222de8cded79c49bf184bdbc06630d4c58eec9459b939b4a690c82ed05657"},
    {file = "coverage-7.6.1.tar.gz", hash = "sha256:953510dfb7b12ab69d20135a0662397f077c59b1e6379a768e97c59d852ee51d"},
]

[[package]]
name = "cryptography"
version = "43.0.1"
requires_python = ">=3.7"
summary = "cryptography is a package which provides cryptographic recipes and primitives to Python developers."
groups = ["default"]
marker = "python_full_version >= \"3.12.5\""
dependencies = [
    "cffi>=1.12; platform_python_implementation != \"PyPy\"",
]
files = [
    {file = "cryptography-43.0.1-cp37-abi3-manylinux_2_17_x86_64.manylinux2014_x86_64.whl", hash = "sha256:68aaecc4178e90719e95298515979814bda0cbada1256a4485414860bd7ab962"},
    {file = "cryptography-43.0.1-cp37-abi3-win_amd64.whl", hash = "sha256:666ae11966643886c2987b3b721899d250855718d6d9ce41b521252a17985f4d"},
    {file = "cryptography-43.0.1-cp39-abi3-manylinux_2_17_x86_64.manylinux2014_x86_64.whl", hash = "sha256:58d4e9129985185a06d849aa6df265bdd5a74ca6e1b736a77959b498e0505b85"},
    {file = "cryptography-43.0.1-cp39-abi3-win_amd64.whl", hash = "sha256:d75601ad10b059ec832e78823b348bfa1a59f6b8d545db3a24fd44362a1564cb"},
    {file = "cryptography-43.0.1.tar.gz", hash = "sha256:203e92a75716d8cfb491dc47c79e17d0d9207ccffcbcb35f598fbe463ae3444d"},
]

[[package]]
name = "distlib"
version = "0.3.9"
summary = "Distribution utilities"
groups = ["default"]
marker = "python_full_version >= \"3.12.5\""
files = [
    {file = "distlib-0.3.9-py2.py3-none-any.whl", hash = "sha256:47f8c22fd27c27e25a65601af709b38e4f0a45ea4fc2e710f65755fa8caaaf87"},
    {file = "distlib-0.3.9.tar.gz", hash = "sha256:a60f20dea646b8a33f3e7772f74dc0b2d0772d2837ee1342a00645c81edf9403"},
]

[[package]]
name = "filelock"
version = "3.16.1"
requires_python = ">=3.8"
summary = "A platform independent file lock."
groups = ["default"]
marker = "python_full_version >= \"3.12.5\""
files = [
    {file = "filelock-3.16.1-py3-none-any.whl", hash = "sha256:2082e5703d51fbf98ea75855d9d5527e33d8ff23099bec374a134febee6946b0"},
    {file = "filelock-3.16.1.tar.gz", hash = "sha256:c249fbfcd5db47e5e2d6d62198e565475ee65e4831e2561c8e313fa7eb961435"},
]

[[package]]
name = "frozenlist"
version = "1.4.1"
requires_python = ">=3.8"
summary = "A list-like structure which implements collections.abc.MutableSequence"
groups = ["default"]
marker = "python_full_version >= \"3.12.5\""
files = [
    {file = "frozenlist-1.4.1-cp312-cp312-manylinux_2_5_x86_64.manylinux1_x86_64.manylinux_2_17_x86_64.manylinux2014_x86_64.whl", hash = "sha256:9acbb16f06fe7f52f441bb6f413ebae6c37baa6ef9edd49cdd567216da8600cd"},
    {file = "frozenlist-1.4.1-cp312-cp312-win_amd64.whl", hash = "sha256:64536573d0a2cb6e625cf309984e2d873979709f2cf22839bf2d61790b448ad5"},
    {file = "frozenlist-1.4.1-py3-none-any.whl", hash = "sha256:04ced3e6a46b4cfffe20f9ae482818e34eba9b5fb0ce4056e4cc9b6e212d09b7"},
    {file = "frozenlist-1.4.1.tar.gz", hash = "sha256:c037a86e8513059a2613aaba4d817bb90b9d9b6b69aace3ce9c877e8c8ed402b"},
]

[[package]]
name = "gcloud"
version = "0.18.3"
summary = "API Client library for Google Cloud"
groups = ["default"]
marker = "python_full_version >= \"3.12.5\""
dependencies = [
    "googleapis-common-protos",
    "httplib2>=0.9.1",
    "oauth2client>=2.0.1",
    "protobuf!=3.0.0.b2.post1,>=3.0.0b2",
    "six",
]
files = [
    {file = "gcloud-0.18.3.tar.gz", hash = "sha256:0af2dec59fce20561752f86e42d981c6a255e306a6c5e5d1fa3d358a8857e4fb"},
]

[[package]]
name = "googleapis-common-protos"
version = "1.65.0"
requires_python = ">=3.7"
summary = "Common protobufs used in Google APIs"
groups = ["default"]
marker = "python_full_version >= \"3.12.5\""
dependencies = [
    "protobuf!=3.20.0,!=3.20.1,!=4.21.1,!=4.21.2,!=4.21.3,!=4.21.4,!=4.21.5,<6.0.0.dev0,>=3.20.2",
]
files = [
    {file = "googleapis_common_protos-1.65.0-py2.py3-none-any.whl", hash = "sha256:2972e6c496f435b92590fd54045060867f3fe9be2c82ab148fc8885035479a63"},
    {file = "googleapis_common_protos-1.65.0.tar.gz", hash = "sha256:334a29d07cddc3aa01dee4988f9afd9b2916ee2ff49d6b757155dc0d197852c0"},
]

[[package]]
name = "httplib2"
version = "0.22.0"
requires_python = ">=2.7, !=3.0.*, !=3.1.*, !=3.2.*, !=3.3.*"
summary = "A comprehensive HTTP client library."
groups = ["default"]
marker = "python_full_version >= \"3.12.5\""
dependencies = [
    "pyparsing!=3.0.0,!=3.0.1,!=3.0.2,!=3.0.3,<4,>=2.4.2; python_version > \"3.0\"",
    "pyparsing<3,>=2.4.2; python_version < \"3.0\"",
]
files = [
    {file = "httplib2-0.22.0-py3-none-any.whl", hash = "sha256:14ae0a53c1ba8f3d37e9e27cf37eabb0fb9980f435ba405d546948b009dd64dc"},
    {file = "httplib2-0.22.0.tar.gz", hash = "sha256:d7a10bc5ef5ab08322488bde8c726eeee5c8618723fdb399597ec58f3d82df81"},
]

[[package]]
name = "identify"
version = "2.6.2"
requires_python = ">=3.9"
summary = "File identification library for Python"
groups = ["default"]
marker = "python_full_version >= \"3.12.5\""
files = [
    {file = "identify-2.6.2-py2.py3-none-any.whl", hash = "sha256:c097384259f49e372f4ea00a19719d95ae27dd5ff0fd77ad630aa891306b82f3"},
    {file = "identify-2.6.2.tar.gz", hash = "sha256:fab5c716c24d7a789775228823797296a2994b075fb6080ac83a102772a98cbd"},
]

[[package]]
name = "idna"
version = "3.10"
requires_python = ">=3.6"
summary = "Internationalized Domain Names in Applications (IDNA)"
groups = ["default"]
marker = "python_full_version >= \"3.12.5\""
files = [
    {file = "idna-3.10-py3-none-any.whl", hash = "sha256:946d195a0d259cbba61165e88e65941f16e9b36ea6ddb97f00452bae8b1287d3"},
    {file = "idna-3.10.tar.gz", hash = "sha256:12f65c9b470abda6dc35cf8e63cc574b1c52b11df2c86030af0ac09b01b13ea9"},
]

[[package]]
name = "iniconfig"
version = "2.0.0"
requires_python = ">=3.7"
summary = "brain-dead simple config-ini parsing"
groups = ["testing"]
marker = "python_full_version >= \"3.12.5\""
files = [
    {file = "iniconfig-2.0.0-py3-none-any.whl", hash = "sha256:b6a85871a79d2e3b22d2d1b94ac2824226a63c6b741c88f7ae975f18b6778374"},
    {file = "iniconfig-2.0.0.tar.gz", hash = "sha256:2d91e135bf72d31a410b17c16da610a82cb55f6b0477d1a902134b24a455b8b3"},
]

[[package]]
name = "jwcrypto"
version = "1.5.6"
requires_python = ">= 3.8"
summary = "Implementation of JOSE Web standards"
groups = ["default"]
marker = "python_full_version >= \"3.12.5\""
dependencies = [
    "cryptography>=3.4",
    "typing-extensions>=4.5.0",
]
files = [
    {file = "jwcrypto-1.5.6-py3-none-any.whl", hash = "sha256:150d2b0ebbdb8f40b77f543fb44ffd2baeff48788be71f67f03566692fd55789"},
    {file = "jwcrypto-1.5.6.tar.gz", hash = "sha256:771a87762a0c081ae6166958a954f80848820b2ab066937dc8b8379d65b1b039"},
]

[[package]]
name = "markupsafe"
version = "2.1.5"
requires_python = ">=3.7"
summary = "Safely add untrusted strings to HTML/XML markup."
groups = ["testing"]
marker = "python_full_version >= \"3.12.5\""
files = [
    {file = "MarkupSafe-2.1.5-cp312-cp312-manylinux_2_17_x86_64.manylinux2014_x86_64.whl", hash = "sha256:f5dfb42c4604dddc8e4305050aa6deb084540643ed5804d7455b5df8fe16f5e5"},
    {file = "MarkupSafe-2.1.5-cp312-cp312-win_amd64.whl", hash = "sha256:823b65d8706e32ad2df51ed89496147a42a2a6e01c13cfb6ffb8b1e92bc910bb"},
    {file = "MarkupSafe-2.1.5.tar.gz", hash = "sha256:d283d37a890ba4c1ae73ffadf8046435c76e7bc2247bbb63c00bd1a709c6544b"},
]

[[package]]
name = "multidict"
version = "6.1.0"
requires_python = ">=3.8"
summary = "multidict implementation"
groups = ["default"]
marker = "python_full_version >= \"3.12.5\""
dependencies = [
    "typing-extensions>=4.1.0; python_version < \"3.11\"",
]
files = [
    {file = "multidict-6.1.0-cp312-cp312-manylinux_2_17_x86_64.manylinux2014_x86_64.whl", hash = "sha256:4b820514bfc0b98a30e3d85462084779900347e4d49267f747ff54060cc33925"},
    {file = "multidict-6.1.0-cp312-cp312-win_amd64.whl", hash = "sha256:188215fc0aafb8e03341995e7c4797860181562380f81ed0a87ff455b70bf1f1"},
    {file = "multidict-6.1.0-cp313-cp313-manylinux_2_17_x86_64.manylinux2014_x86_64.whl", hash = "sha256:bf6bea52ec97e95560af5ae576bdac3aa3aae0b6758c6efa115236d9e07dae44"},
    {file = "multidict-6.1.0-cp313-cp313-win_amd64.whl", hash = "sha256:e9aa71e15d9d9beaad2c6b9319edcdc0a49a43ef5c0a4c8265ca9ee7d6c67774"},
    {file = "multidict-6.1.0-py3-none-any.whl", hash = "sha256:48e171e52d1c4d33888e529b999e5900356b9ae588c2f09a52dcefb158b27506"},
    {file = "multidict-6.1.0.tar.gz", hash = "sha256:22ae2ebf9b0c69d206c003e2f6a914ea33f0a932d4aa16f236afc049d9958f4a"},
]

[[package]]
name = "mypy"
version = "1.13.0"
requires_python = ">=3.8"
summary = "Optional static typing for Python"
groups = ["build"]
marker = "python_full_version >= \"3.12.5\""
dependencies = [
    "mypy-extensions>=1.0.0",
    "tomli>=1.1.0; python_version < \"3.11\"",
    "typing-extensions>=4.6.0",
]
files = [
    {file = "mypy-1.13.0-cp312-cp312-manylinux_2_17_x86_64.manylinux2014_x86_64.manylinux_2_28_x86_64.whl", hash = "sha256:164f28cb9d6367439031f4c81e84d3ccaa1e19232d9d05d37cb0bd880d3f93c2"},
    {file = "mypy-1.13.0-cp312-cp312-win_amd64.whl", hash = "sha256:a0affb3a79a256b4183ba09811e3577c5163ed06685e4d4b46429a271ba174d2"},
    {file = "mypy-1.13.0-cp313-cp313-manylinux_2_17_x86_64.manylinux2014_x86_64.manylinux_2_28_x86_64.whl", hash = "sha256:de2904956dac40ced10931ac967ae63c5089bd498542194b436eb097a9f77bc8"},
    {file = "mypy-1.13.0-cp313-cp313-win_amd64.whl", hash = "sha256:9f73dba9ec77acb86457a8fc04b5239822df0c14a082564737833d2963677dbc"},
    {file = "mypy-1.13.0-py3-none-any.whl", hash = "sha256:9c250883f9fd81d212e0952c92dbfcc96fc237f4b7c92f56ac81fd48460b3e5a"},
    {file = "mypy-1.13.0.tar.gz", hash = "sha256:0291a61b6fbf3e6673e3405cfcc0e7650bebc7939659fdca2702958038bd835e"},
]

[[package]]
name = "mypy-extensions"
version = "1.0.0"
requires_python = ">=3.5"
summary = "Type system extensions for programs checked with the mypy type checker."
groups = ["build"]
marker = "python_full_version >= \"3.12.5\""
files = [
    {file = "mypy_extensions-1.0.0-py3-none-any.whl", hash = "sha256:4392f6c0eb8a5668a69e23d168ffa70f0be9ccfd32b5cc2d26a34ae5b844552d"},
    {file = "mypy_extensions-1.0.0.tar.gz", hash = "sha256:75dbf8955dc00442a438fc4d0666508a9a97b6bd41aa2f0ffe9d2f2725af0782"},
]

[[package]]
name = "nodeenv"
version = "1.9.1"
requires_python = "!=3.0.*,!=3.1.*,!=3.2.*,!=3.3.*,!=3.4.*,!=3.5.*,!=3.6.*,>=2.7"
summary = "Node.js virtual environment builder"
groups = ["default"]
marker = "python_full_version >= \"3.12.5\""
files = [
    {file = "nodeenv-1.9.1-py2.py3-none-any.whl", hash = "sha256:ba11c9782d29c27c70ffbdda2d7415098754709be8a7056d79a737cd901155c9"},
    {file = "nodeenv-1.9.1.tar.gz", hash = "sha256:6ec12890a2dab7946721edbfbcd91f3319c6ccc9aec47be7c7e6b7011ee6645f"},
]

[[package]]
name = "oauth2client"
version = "4.1.3"
summary = "OAuth 2.0 client library"
groups = ["default"]
marker = "python_full_version >= \"3.12.5\""
dependencies = [
    "httplib2>=0.9.1",
    "pyasn1-modules>=0.0.5",
    "pyasn1>=0.1.7",
    "rsa>=3.1.4",
    "six>=1.6.1",
]
files = [
    {file = "oauth2client-4.1.3-py2.py3-none-any.whl", hash = "sha256:b8a81cc5d60e2d364f0b1b98f958dbd472887acaf1a5b05e21c28c31a2d6d3ac"},
    {file = "oauth2client-4.1.3.tar.gz", hash = "sha256:d486741e451287f69568a4d26d70d9acd73a2bbfa275746c535b4209891cccc6"},
]

[[package]]
name = "packaging"
version = "24.1"
requires_python = ">=3.8"
summary = "Core utilities for Python packages"
groups = ["build", "testing"]
marker = "python_full_version >= \"3.12.5\""
files = [
    {file = "packaging-24.1-py3-none-any.whl", hash = "sha256:5b8f2217dbdbd2f7f384c41c628544e6d52f2d0f53c6d0c3ea61aa5d1d7ff124"},
    {file = "packaging-24.1.tar.gz", hash = "sha256:026ed72c8ed3fcce5bf8950572258698927fd1dbda10a5e981cdf0ac37f4f002"},
]

[[package]]
name = "platformdirs"
version = "4.3.6"
requires_python = ">=3.8"
summary = "A small Python package for determining appropriate platform-specific dirs, e.g. a `user data dir`."
groups = ["default"]
marker = "python_full_version >= \"3.12.5\""
files = [
    {file = "platformdirs-4.3.6-py3-none-any.whl", hash = "sha256:73e575e1408ab8103900836b97580d5307456908a03e92031bab39e4554cc3fb"},
    {file = "platformdirs-4.3.6.tar.gz", hash = "sha256:357fb2acbc885b0419afd3ce3ed34564c13c9b95c89360cd9563f73aa5e2b907"},
]

[[package]]
name = "pluggy"
version = "1.5.0"
requires_python = ">=3.8"
summary = "plugin and hook calling mechanisms for python"
groups = ["testing"]
marker = "python_full_version >= \"3.12.5\""
files = [
    {file = "pluggy-1.5.0-py3-none-any.whl", hash = "sha256:44e1ad92c8ca002de6377e165f3e0f1be63266ab4d554740532335b9d75ea669"},
    {file = "pluggy-1.5.0.tar.gz", hash = "sha256:2cffa88e94fdc978c4c574f15f9e59b7f4201d439195c3715ca9e2486f1d0cf1"},
]

[[package]]
name = "pre-commit"
version = "4.0.1"
requires_python = ">=3.9"
summary = "A framework for managing and maintaining multi-language pre-commit hooks."
groups = ["default"]
marker = "python_full_version >= \"3.12.5\""
dependencies = [
    "cfgv>=2.0.0",
    "identify>=1.0.0",
    "nodeenv>=0.11.1",
    "pyyaml>=5.1",
    "virtualenv>=20.10.0",
]
files = [
    {file = "pre_commit-4.0.1-py2.py3-none-any.whl", hash = "sha256:efde913840816312445dc98787724647c65473daefe420785f885e8ed9a06878"},
    {file = "pre_commit-4.0.1.tar.gz", hash = "sha256:80905ac375958c0444c65e9cebebd948b3cdb518f335a091a670a89d652139d2"},
]

[[package]]
name = "propcache"
version = "0.2.0"
requires_python = ">=3.8"
summary = "Accelerated property cache"
groups = ["default"]
marker = "python_full_version >= \"3.12.5\""
files = [
    {file = "propcache-0.2.0-cp312-cp312-manylinux_2_17_x86_64.manylinux2014_x86_64.whl", hash = "sha256:55346705687dbd7ef0d77883ab4f6fabc48232f587925bdaf95219bae072491e"},
    {file = "propcache-0.2.0-cp313-cp313-manylinux_2_17_x86_64.manylinux2014_x86_64.whl", hash = "sha256:67aeb72e0f482709991aa91345a831d0b707d16b0257e8ef88a2ad246a7280bf"},
    {file = "propcache-0.2.0-py3-none-any.whl", hash = "sha256:2ccc28197af5313706511fab3a8b66dcd6da067a1331372c82ea1cb74285e036"},
    {file = "propcache-0.2.0.tar.gz", hash = "sha256:df81779732feb9d01e5d513fad0122efb3d53bbc75f61b2a4f29a020bc985e70"},
]

[[package]]
name = "protobuf"
version = "5.28.1"
requires_python = ">=3.8"
summary = ""
groups = ["default"]
marker = "python_full_version >= \"3.12.5\""
files = [
    {file = "protobuf-5.28.1-cp310-abi3-win_amd64.whl", hash = "sha256:4c7f5cb38c640919791c9f74ea80c5b82314c69a8409ea36f2599617d03989af"},
    {file = "protobuf-5.28.1-cp38-abi3-manylinux2014_x86_64.whl", hash = "sha256:51f09caab818707ab91cf09cc5c156026599cf05a4520779ccbf53c1b352fb25"},
    {file = "protobuf-5.28.1-py3-none-any.whl", hash = "sha256:c529535e5c0effcf417682563719e5d8ac8d2b93de07a56108b4c2d436d7a29a"},
    {file = "protobuf-5.28.1.tar.gz", hash = "sha256:42597e938f83bb7f3e4b35f03aa45208d49ae8d5bcb4bc10b9fc825e0ab5e423"},
]

[[package]]
name = "pyasn1"
version = "0.6.1"
requires_python = ">=3.8"
summary = "Pure-Python implementation of ASN.1 types and DER/BER/CER codecs (X.208)"
groups = ["default"]
marker = "python_full_version >= \"3.12.5\""
files = [
    {file = "pyasn1-0.6.1-py3-none-any.whl", hash = "sha256:0d632f46f2ba09143da3a8afe9e33fb6f92fa2320ab7e886e2d0f7672af84629"},
    {file = "pyasn1-0.6.1.tar.gz", hash = "sha256:6f580d2bdd84365380830acf45550f2511469f673cb4a5ae3857a3170128b034"},
]

[[package]]
name = "pyasn1-modules"
version = "0.4.1"
requires_python = ">=3.8"
summary = "A collection of ASN.1-based protocols modules"
groups = ["default"]
marker = "python_full_version >= \"3.12.5\""
dependencies = [
    "pyasn1<0.7.0,>=0.4.6",
]
files = [
    {file = "pyasn1_modules-0.4.1-py3-none-any.whl", hash = "sha256:49bfa96b45a292b711e986f222502c1c9a5e1f4e568fc30e2574a6c7d07838fd"},
    {file = "pyasn1_modules-0.4.1.tar.gz", hash = "sha256:c28e2dbf9c06ad61c71a075c7e0f9fd0f1b0bb2d2ad4377f240d33ac2ab60a7c"},
]

[[package]]
name = "pycparser"
version = "2.22"
requires_python = ">=3.8"
summary = "C parser in Python"
groups = ["default"]
marker = "platform_python_implementation != \"PyPy\" and python_full_version >= \"3.12.5\""
files = [
    {file = "pycparser-2.22-py3-none-any.whl", hash = "sha256:c3702b6d3dd8c7abc1afa565d7e63d53a1d0bd86cdc24edd75470f4de499cfcc"},
    {file = "pycparser-2.22.tar.gz", hash = "sha256:491c8be9c040f5390f5bf44a5b07752bd07f56edf992381b05c701439eec10f6"},
]

[[package]]
name = "pycryptodome"
version = "3.20.0"
requires_python = ">=2.7, !=3.0.*, !=3.1.*, !=3.2.*, !=3.3.*, !=3.4.*"
summary = "Cryptographic library for Python"
groups = ["default"]
marker = "python_full_version >= \"3.12.5\""
files = [
    {file = "pycryptodome-3.20.0-cp35-abi3-manylinux_2_17_x86_64.manylinux2014_x86_64.whl", hash = "sha256:76cb39afede7055127e35a444c1c041d2e8d2f1f9c121ecef573757ba4cd2c3c"},
    {file = "pycryptodome-3.20.0-cp35-abi3-win_amd64.whl", hash = "sha256:9b3ae153c89a480a0ec402e23db8d8d84a3833b65fa4b15b81b83be9d637aab9"},
    {file = "pycryptodome-3.20.0.tar.gz", hash = "sha256:09609209ed7de61c2b560cc5c8c4fbf892f8b15b1faf7e4cbffac97db1fffda7"},
]

[[package]]
name = "pyparsing"
version = "3.1.4"
requires_python = ">=3.6.8"
summary = "pyparsing module - Classes and methods to define and execute parsing grammars"
groups = ["default"]
marker = "python_full_version >= \"3.12.5\""
files = [
    {file = "pyparsing-3.1.4-py3-none-any.whl", hash = "sha256:a6a7ee4235a3f944aa1fa2249307708f893fe5717dc603503c6c7969c070fb7c"},
    {file = "pyparsing-3.1.4.tar.gz", hash = "sha256:f86ec8d1a83f11977c9a6ea7598e8c27fc5cddfa5b07ea2241edbbde1d7bc032"},
]

[[package]]
name = "pyproject-hooks"
version = "1.1.0"
requires_python = ">=3.7"
summary = "Wrappers to call pyproject.toml-based build backend hooks."
groups = ["build"]
marker = "python_full_version >= \"3.12.5\""
files = [
    {file = "pyproject_hooks-1.1.0-py3-none-any.whl", hash = "sha256:7ceeefe9aec63a1064c18d939bdc3adf2d8aa1988a510afec15151578b232aa2"},
    {file = "pyproject_hooks-1.1.0.tar.gz", hash = "sha256:4b37730834edbd6bd37f26ece6b44802fb1c1ee2ece0e54ddff8bfc06db86965"},
]

[[package]]
name = "pyrebase-air"
version = "4.11.0"
summary = "A simple python wrapper for the Firebase API with current deps"
groups = ["default"]
marker = "python_full_version >= \"3.12.5\""
dependencies = [
    "gcloud>=0.18.3",
    "oauth2client>=4.1.2",
    "pycryptodome>=3.6.4",
    "python-jwt>=2.0.1",
    "requests-toolbelt>=1.0.0",
    "requests>=2.31",
    "urllib3>=2.0",
]
files = [
    {file = "pyrebase_air-4.11.0-py3-none-any.whl", hash = "sha256:5e3ef3e3426aaeccc7c1d84ca1866da6327ad6c96827b08b7b65ae2754604e22"},
    {file = "pyrebase_air-4.11.0.tar.gz", hash = "sha256:96abbcb8b46ec07bd1f4e36ddfc5fa0d01c12fa6c28ae2d327a9eb0c07ceb815"},
]

[[package]]
name = "pytest"
version = "8.3.3"
requires_python = ">=3.8"
summary = "pytest: simple powerful testing with Python"
groups = ["testing"]
marker = "python_full_version >= \"3.12.5\""
dependencies = [
    "colorama; sys_platform == \"win32\"",
    "exceptiongroup>=1.0.0rc8; python_version < \"3.11\"",
    "iniconfig",
    "packaging",
    "pluggy<2,>=1.5",
    "tomli>=1; python_version < \"3.11\"",
]
files = [
    {file = "pytest-8.3.3-py3-none-any.whl", hash = "sha256:a6853c7375b2663155079443d2e45de913a911a11d669df02a50814944db57b2"},
    {file = "pytest-8.3.3.tar.gz", hash = "sha256:70b98107bd648308a7952b06e6ca9a50bc660be218d53c257cc1fc94fda10181"},
]

[[package]]
name = "pytest-asyncio"
version = "0.24.0"
requires_python = ">=3.8"
summary = "Pytest support for asyncio"
groups = ["testing"]
marker = "python_full_version >= \"3.12.5\""
dependencies = [
    "pytest<9,>=8.2",
]
files = [
    {file = "pytest_asyncio-0.24.0-py3-none-any.whl", hash = "sha256:a811296ed596b69bf0b6f3dc40f83bcaf341b155a269052d82efa2b25ac7037b"},
    {file = "pytest_asyncio-0.24.0.tar.gz", hash = "sha256:d081d828e576d85f875399194281e92bf8a68d60d72d1a2faf2feddb6c46b276"},
]

[[package]]
name = "pytest-cov"
version = "6.0.0"
requires_python = ">=3.9"
summary = "Pytest plugin for measuring coverage."
groups = ["testing"]
marker = "python_full_version >= \"3.12.5\""
dependencies = [
    "coverage[toml]>=7.5",
    "pytest>=4.6",
]
files = [
    {file = "pytest-cov-6.0.0.tar.gz", hash = "sha256:fde0b595ca248bb8e2d76f020b465f3b107c9632e6a1d1705f17834c89dcadc0"},
    {file = "pytest_cov-6.0.0-py3-none-any.whl", hash = "sha256:eee6f1b9e61008bd34975a4d5bab25801eb31898b032dd55addc93e96fcaaa35"},
]

[[package]]
name = "pytest-localserver"
version = "0.9.0.post0"
requires_python = ">=3.6"
summary = "pytest plugin to test server connections locally."
groups = ["testing"]
marker = "python_full_version >= \"3.12.5\""
dependencies = [
    "werkzeug>=0.10",
]
files = [
    {file = "pytest_localserver-0.9.0.post0-py3-none-any.whl", hash = "sha256:88a50e99637c84ab20680fd54b8dcfd53a36cbdf877013abd0e7442536a95bce"},
    {file = "pytest_localserver-0.9.0.post0.tar.gz", hash = "sha256:8033a36fb382d2bc4850f9acfe2c3fb5654cd5f0d163af6daf47f290db7d5ff0"},
]

[[package]]
name = "pytest-mock"
version = "3.14.0"
requires_python = ">=3.8"
summary = "Thin-wrapper around the mock package for easier use with pytest"
groups = ["testing"]
marker = "python_full_version >= \"3.12.5\""
dependencies = [
    "pytest>=6.2.5",
]
files = [
    {file = "pytest-mock-3.14.0.tar.gz", hash = "sha256:2719255a1efeceadbc056d6bf3df3d1c5015530fb40cf347c0f9afac88410bd0"},
    {file = "pytest_mock-3.14.0-py3-none-any.whl", hash = "sha256:0b72c38033392a5f4621342fe11e9219ac11ec9d375f8e2a0c164539e0d70f6f"},
]

[[package]]
name = "python-dateutil"
version = "2.9.0.post0"
requires_python = "!=3.0.*,!=3.1.*,!=3.2.*,>=2.7"
summary = "Extensions to the standard Python datetime module"
groups = ["testing"]
marker = "python_full_version >= \"3.12.5\""
dependencies = [
    "six>=1.5",
]
files = [
    {file = "python-dateutil-2.9.0.post0.tar.gz", hash = "sha256:37dd54208da7e1cd875388217d5e00ebd4179249f90fb72437e91a35459a0ad3"},
    {file = "python_dateutil-2.9.0.post0-py2.py3-none-any.whl", hash = "sha256:a8b2bc7bffae282281c8140a97d3aa9c14da0b136dfe83f850eea9a5f7470427"},
]

[[package]]
name = "python-jwt"
version = "4.1.0"
requires_python = ">=3.6"
summary = "Module for generating and verifying JSON Web Tokens"
groups = ["default"]
marker = "python_full_version >= \"3.12.5\""
dependencies = [
    "jwcrypto>=1.4.2",
]
files = [
    {file = "python_jwt-4.1.0-py2.py3-none-any.whl", hash = "sha256:1f4d44b6b9176375489c0374c71f18f27f52524e689174e11dd39a801170c91b"},
    {file = "python_jwt-4.1.0.tar.gz", hash = "sha256:f89af071d9bda4741bc80754bd1cfce73e434a2cbb7855086d8604a10bd3fdc5"},
]

[[package]]
name = "pyyaml"
version = "6.0.2"
requires_python = ">=3.8"
summary = "YAML parser and emitter for Python"
groups = ["default"]
marker = "python_full_version >= \"3.12.5\""
files = [
    {file = "PyYAML-6.0.2-cp312-cp312-manylinux_2_17_x86_64.manylinux2014_x86_64.whl", hash = "sha256:80bab7bfc629882493af4aa31a4cfa43a4c57c83813253626916b8c7ada83476"},
    {file = "PyYAML-6.0.2-cp313-cp313-manylinux_2_17_x86_64.manylinux2014_x86_64.whl", hash = "sha256:70b189594dbe54f75ab3a1acec5f1e3faa7e8cf2f1e08d9b561cb41b845f69d5"},
    {file = "pyyaml-6.0.2.tar.gz", hash = "sha256:d584d9ec91ad65861cc08d42e834324ef890a082e591037abe114850ff7bbc3e"},
]

[[package]]
name = "requests"
version = "2.32.3"
requires_python = ">=3.8"
summary = "Python HTTP for Humans."
groups = ["default"]
marker = "python_full_version >= \"3.12.5\""
dependencies = [
    "certifi>=2017.4.17",
    "charset-normalizer<4,>=2",
    "idna<4,>=2.5",
    "urllib3<3,>=1.21.1",
]
files = [
    {file = "requests-2.32.3-py3-none-any.whl", hash = "sha256:70761cfe03c773ceb22aa2f671b4757976145175cdfca038c02654d061d6dcc6"},
    {file = "requests-2.32.3.tar.gz", hash = "sha256:55365417734eb18255590a9ff9eb97e9e1da868d4ccd6402399eaf68af20a760"},
]

[[package]]
name = "requests-toolbelt"
version = "1.0.0"
requires_python = ">=2.7, !=3.0.*, !=3.1.*, !=3.2.*, !=3.3.*"
summary = "A utility belt for advanced users of python-requests"
groups = ["default"]
marker = "python_full_version >= \"3.12.5\""
dependencies = [
    "requests<3.0.0,>=2.0.1",
]
files = [
    {file = "requests-toolbelt-1.0.0.tar.gz", hash = "sha256:7681a0a3d047012b5bdc0ee37d7f8f07ebe76ab08caeccfc3921ce23c88d5bc6"},
    {file = "requests_toolbelt-1.0.0-py2.py3-none-any.whl", hash = "sha256:cccfdd665f0a24fcf4726e690f65639d272bb0637b9b92dfd91a5568ccf6bd06"},
]

[[package]]
name = "rsa"
version = "4.9"
requires_python = ">=3.6,<4"
summary = "Pure-Python RSA implementation"
groups = ["default"]
marker = "python_full_version >= \"3.12.5\""
dependencies = [
    "pyasn1>=0.1.3",
]
files = [
    {file = "rsa-4.9-py3-none-any.whl", hash = "sha256:90260d9058e514786967344d0ef75fa8727eed8a7d2e43ce9f4bcf1b536174f7"},
    {file = "rsa-4.9.tar.gz", hash = "sha256:e38464a49c6c85d7f1351b0126661487a7e0a14a50f1675ec50eb34d4f20ef21"},
]

[[package]]
name = "ruff"
version = "0.7.4"
requires_python = ">=3.7"
summary = "An extremely fast Python linter and code formatter, written in Rust."
groups = ["default"]
marker = "python_full_version >= \"3.12.5\""
files = [
    {file = "ruff-0.7.4-py3-none-manylinux_2_17_x86_64.manylinux2014_x86_64.whl", hash = "sha256:0e92dfb5f00eaedb1501b2f906ccabfd67b2355bdf117fea9719fc99ac2145bc"},
    {file = "ruff-0.7.4-py3-none-win_amd64.whl", hash = "sha256:745775c7b39f914238ed1f1b0bebed0b9155a17cd8bc0b08d3c87e4703b990d6"},
    {file = "ruff-0.7.4.tar.gz", hash = "sha256:cd12e35031f5af6b9b93715d8c4f40360070b2041f81273d0527683d5708fce2"},
]

[[package]]
name = "setuptools"
version = "75.6.0"
requires_python = ">=3.9"
summary = "Easily download, build, install, upgrade, and uninstall Python packages"
groups = ["default"]
marker = "python_full_version >= \"3.12.5\""
files = [
    {file = "setuptools-75.6.0-py3-none-any.whl", hash = "sha256:ce74b49e8f7110f9bf04883b730f4765b774ef3ef28f722cce7c273d253aaf7d"},
    {file = "setuptools-75.6.0.tar.gz", hash = "sha256:8199222558df7c86216af4f84c30e9b34a61d8ba19366cc914424cdbd28252f6"},
]

[[package]]
name = "six"
version = "1.16.0"
requires_python = ">=2.7, !=3.0.*, !=3.1.*, !=3.2.*"
summary = "Python 2 and 3 compatibility utilities"
groups = ["default", "testing"]
marker = "python_full_version >= \"3.12.5\""
files = [
    {file = "six-1.16.0-py2.py3-none-any.whl", hash = "sha256:8abb2f1d86890a2dfb989f9a77cfcfd3e47c2a354b01111771326f8aa26e0254"},
    {file = "six-1.16.0.tar.gz", hash = "sha256:1e61c37477a1626458e36f7b1d82aa5c9b094fa4802892072e49de9c60c4c926"},
]

[[package]]
name = "time-machine"
version = "2.16.0"
requires_python = ">=3.9"
summary = "Travel through time in your tests."
groups = ["testing"]
marker = "python_full_version >= \"3.12.5\""
dependencies = [
    "python-dateutil",
]
files = [
    {file = "time_machine-2.16.0-cp312-cp312-manylinux_2_5_x86_64.manylinux1_x86_64.manylinux_2_17_x86_64.manylinux2014_x86_64.whl", hash = "sha256:317b68b56a9c3731e0cf8886e0f94230727159e375988b36c60edce0ddbcb44a"},
    {file = "time_machine-2.16.0-cp312-cp312-win_amd64.whl", hash = "sha256:265462c77dc9576267c3c7f20707780a171a9fdbac93ac22e608c309efd68c33"},
    {file = "time_machine-2.16.0-cp313-cp313-manylinux_2_5_x86_64.manylinux1_x86_64.manylinux_2_17_x86_64.manylinux2014_x86_64.whl", hash = "sha256:667b150fedb54acdca2a4bea5bf6da837b43e6dd12857301b48191f8803ba93f"},
    {file = "time_machine-2.16.0-cp313-cp313-win_amd64.whl", hash = "sha256:f6927dda86425f97ffda36131f297b1a601c64a6ee6838bfa0e6d3149c2f0d9f"},
    {file = "time_machine-2.16.0.tar.gz", hash = "sha256:4a99acc273d2f98add23a89b94d4dd9e14969c01214c8514bfa78e4e9364c7e2"},
]

[[package]]
name = "typing-extensions"
version = "4.12.2"
requires_python = ">=3.8"
summary = "Backported and Experimental Type Hints for Python 3.8+"
groups = ["default", "build"]
marker = "python_full_version >= \"3.12.5\""
files = [
    {file = "typing_extensions-4.12.2-py3-none-any.whl", hash = "sha256:04e5ca0351e0f3f85c6853954072df659d0d13fac324d0072316b67d7794700d"},
    {file = "typing_extensions-4.12.2.tar.gz", hash = "sha256:1a7ead55c7e559dd4dee8856e3a88b41225abfe1ce8df57b7c13915fe121ffb8"},
]

[[package]]
name = "tzdata"
version = "2024.2"
requires_python = ">=2"
summary = "Provider of IANA time zone data"
groups = ["testing"]
marker = "python_full_version >= \"3.12.5\""
files = [
    {file = "tzdata-2024.2-py2.py3-none-any.whl", hash = "sha256:a48093786cdcde33cad18c2555e8532f34422074448fbc874186f0abd79565cd"},
    {file = "tzdata-2024.2.tar.gz", hash = "sha256:7d85cc416e9382e69095b7bdf4afd9e3880418a2413feec7069d533d6b4e31cc"},
]

[[package]]
name = "urllib3"
version = "2.5.0"
requires_python = ">=3.9"
summary = "HTTP library with thread-safe connection pooling, file post, and more."
groups = ["default"]
marker = "python_full_version >= \"3.12.5\""
files = [
    {file = "urllib3-2.5.0-py3-none-any.whl", hash = "sha256:e6b01673c0fa6a13e374b50871808eb3bf7046c4b125b216f6bf1cc604cff0dc"},
    {file = "urllib3-2.5.0.tar.gz", hash = "sha256:3fc47733c7e419d4bc3f6b3dc2b4f890bb743906a30d56ba4a5bfa4bbff92760"},
]

[[package]]
name = "virtualenv"
version = "20.27.1"
requires_python = ">=3.8"
summary = "Virtual Python Environment builder"
groups = ["default"]
marker = "python_full_version >= \"3.12.5\""
dependencies = [
    "distlib<1,>=0.3.7",
    "filelock<4,>=3.12.2",
    "importlib-metadata>=6.6; python_version < \"3.8\"",
    "platformdirs<5,>=3.9.1",
]
files = [
    {file = "virtualenv-20.27.1-py3-none-any.whl", hash = "sha256:f11f1b8a29525562925f745563bfd48b189450f61fb34c4f9cc79dd5aa32a1f4"},
    {file = "virtualenv-20.27.1.tar.gz", hash = "sha256:142c6be10212543b32c6c45d3d3893dff89112cc588b7d0879ae5a1ec03a47ba"},
]

[[package]]
name = "werkzeug"
version = "3.0.4"
requires_python = ">=3.8"
summary = "The comprehensive WSGI web application library."
groups = ["testing"]
marker = "python_full_version >= \"3.12.5\""
dependencies = [
    "MarkupSafe>=2.1.1",
]
files = [
    {file = "werkzeug-3.0.4-py3-none-any.whl", hash = "sha256:02c9eb92b7d6c06f31a782811505d2157837cea66aaede3e217c7c27c039476c"},
    {file = "werkzeug-3.0.4.tar.gz", hash = "sha256:34f2371506b250df4d4f84bfe7b0921e4762525762bbd936614909fe25cd7306"},
]

[[package]]
name = "yarl"
version = "1.18.0"
requires_python = ">=3.9"
summary = "Yet another URL library"
groups = ["default"]
marker = "python_full_version >= \"3.12.5\""
dependencies = [
    "idna>=2.0",
    "multidict>=4.0",
    "propcache>=0.2.0",
]
files = [
    {file = "yarl-1.18.0-cp312-cp312-manylinux_2_17_x86_64.manylinux2014_x86_64.whl", hash = "sha256:9b4c90c5363c6b0a54188122b61edb919c2cd1119684999d08cd5e538813a28e"},
    {file = "yarl-1.18.0-cp313-cp313-manylinux_2_17_x86_64.manylinux2014_x86_64.whl", hash = "sha256:a5f72421246c21af6a92fbc8c13b6d4c5427dfd949049b937c3b731f2f9076bd"},
    {file = "yarl-1.18.0-py3-none-any.whl", hash = "sha256:dbf53db46f7cf176ee01d8d98c39381440776fcda13779d269a8ba664f69bec0"},
    {file = "yarl-1.18.0.tar.gz", hash = "sha256:20d95535e7d833889982bfe7cc321b7f63bf8879788fee982c76ae2b24cfb715"},
]
