# generated by rye
# use `rye lock` or `rye sync` to update this lockfile
#
# last locked with the following flags:
#   pre: false
#   features: []
#   all-features: true
#   with-sources: false
#   generate-hashes: false
#   universal: false

-e file:.
black==25.1.0
click==8.1.8
    # via black
    # via typer
iniconfig==2.1.0
    # via pytest
jinja2==3.1.6
    # via evalsync
loguru==0.7.3
    # via evalsync
markdown-it-py==3.0.0
    # via rich
markupsafe==3.0.2
    # via jinja2
mdurl==0.1.2
    # via markdown-it-py
mypy-extensions==1.0.0
    # via black
mypy-protobuf==3.6.0
packaging==24.2
    # via black
    # via pytest
pathspec==0.12.1
    # via black
platformdirs==4.3.7
    # via black
pluggy==1.5.0
    # via pytest
protobuf==6.30.1
    # via evalsync
    # via mypy-protobuf
pygments==2.19.1
    # via rich
pytest==8.3.5
    # via pytest-timeout
pytest-timeout==2.3.1
pyzmq==26.3.0
    # via evalsync
rich==13.9.4
    # via typer
ruff==0.11.2
shellingham==1.5.4
    # via typer
typer==0.15.2
    # via evalsync
types-protobuf==5.29.1.20250315
    # via mypy-protobuf
typing-extensions==4.12.2
    # via typer
