# generated by rye
# use `rye lock` or `rye sync` to update this lockfile
#
# last locked with the following flags:
#   pre: false
#   features: []
#   all-features: true
#   with-sources: false
#   generate-hashes: false
#   universal: false

-e file:.
click==8.1.8
    # via typer
jinja2==3.1.6
    # via evalsync
loguru==0.7.3
    # via evalsync
markdown-it-py==3.0.0
    # via rich
markupsafe==3.0.2
    # via jinja2
mdurl==0.1.2
    # via markdown-it-py
protobuf==6.30.1
    # via evalsync
pygments==2.19.1
    # via rich
pyzmq==26.3.0
    # via evalsync
rich==13.9.4
    # via typer
shellingham==1.5.4
    # via typer
typer==0.15.2
    # via evalsync
typing-extensions==4.12.2
    # via typer
